// !$*UTF8*$!
{
	archiveVersion = 1;
	classes = {
	};
	objectVersion = 52;
	objects = {

/* Begin PBXBuildFile section */
		4F64D0B22458AD8900CB5435 /* QGrid in Frameworks */ = {isa = PBXBuildFile; productRef = 4F64D0B12458AD8900CB5435 /* QGrid */; };
		4F64D0B62458B06800CB5435 /* Menu.swift in Sources */ = {isa = PBXBuildFile; fileRef = 4F64D0B52458B06800CB5435 /* Menu.swift */; };
		4F64D0B82458B6C500CB5435 /* Colors.xcassets in Resources */ = {isa = PBXBuildFile; fileRef = 4F64D0B72458B6C500CB5435 /* Colors.xcassets */; };
		4F64D0BE2458C67900CB5435 /* ListCivilizationsView.swift in Sources */ = {isa = PBXBuildFile; fileRef = 4F64D0BD2458C67900CB5435 /* ListCivilizationsView.swift */; };
		4F64D0C024599FD400CB5435 /* CivilizationRepository.swift in Sources */ = {isa = PBXBuildFile; fileRef = 4F64D0BF24599FD400CB5435 /* CivilizationRepository.swift */; };
		4F64D0C32459A09300CB5435 /* Alamofire in Frameworks */ = {isa = PBXBuildFile; productRef = 4F64D0C22459A09300CB5435 /* Alamofire */; };
		4F64D0C82459A90900CB5435 /* CivilizationDTO.swift in Sources */ = {isa = PBXBuildFile; fileRef = 4F64D0C72459A90900CB5435 /* CivilizationDTO.swift */; };
		4F64D0CB2459AC7B00CB5435 /* ListCivilizationsViewModel.swift in Sources */ = {isa = PBXBuildFile; fileRef = 4F64D0CA2459AC7B00CB5435 /* ListCivilizationsViewModel.swift */; };
		4F64D0CE2459BAE200CB5435 /* Civilization.swift in Sources */ = {isa = PBXBuildFile; fileRef = 4F64D0CD2459BAE200CB5435 /* Civilization.swift */; };
		4F64D0D02459ED2200CB5435 /* CivilizationResponseDTO.swift in Sources */ = {isa = PBXBuildFile; fileRef = 4F64D0CF2459ED2200CB5435 /* CivilizationResponseDTO.swift */; };
		4F85BF58246EF5B1008AC02A /* TechnologyRepository.swift in Sources */ = {isa = PBXBuildFile; fileRef = 4F85BF57246EF5B1008AC02A /* TechnologyRepository.swift */; };
		4F85BF5B246EF63A008AC02A /* TechnologyDTO.swift in Sources */ = {isa = PBXBuildFile; fileRef = 4F85BF5A246EF63A008AC02A /* TechnologyDTO.swift */; };
		4F85BF5D246EF7A2008AC02A /* TecnologyResponseDTO.swift in Sources */ = {isa = PBXBuildFile; fileRef = 4F85BF5C246EF7A2008AC02A /* TecnologyResponseDTO.swift */; };
		4F85BF60246EF86C008AC02A /* Technology.swift in Sources */ = {isa = PBXBuildFile; fileRef = 4F85BF5F246EF86C008AC02A /* Technology.swift */; };
		4F85BF62246EF8CC008AC02A /* ListTechnologiesView.swift in Sources */ = {isa = PBXBuildFile; fileRef = 4F85BF61246EF8CC008AC02A /* ListTechnologiesView.swift */; };
		4F85BF64246EF9C8008AC02A /* ListTechnologiesViewModel.swift in Sources */ = {isa = PBXBuildFile; fileRef = 4F85BF63246EF9C8008AC02A /* ListTechnologiesViewModel.swift */; };
		4FB027332458A45600E36013 /* AppDelegate.swift in Sources */ = {isa = PBXBuildFile; fileRef = 4FB027322458A45600E36013 /* AppDelegate.swift */; };
		4FB027352458A45600E36013 /* SceneDelegate.swift in Sources */ = {isa = PBXBuildFile; fileRef = 4FB027342458A45600E36013 /* SceneDelegate.swift */; };
		4FB027392458A45800E36013 /* Assets.xcassets in Resources */ = {isa = PBXBuildFile; fileRef = 4FB027382458A45800E36013 /* Assets.xcassets */; };
		4FB0273C2458A45800E36013 /* Preview Assets.xcassets in Resources */ = {isa = PBXBuildFile; fileRef = 4FB0273B2458A45800E36013 /* Preview Assets.xcassets */; };
		4FB0273F2458A45800E36013 /* LaunchScreen.storyboard in Resources */ = {isa = PBXBuildFile; fileRef = 4FB0273D2458A45800E36013 /* LaunchScreen.storyboard */; };
		4FB0274A2458A45800E36013 /* FyreTests.swift in Sources */ = {isa = PBXBuildFile; fileRef = 4FB027492458A45800E36013 /* FyreTests.swift */; };
		4FB027552458AABC00E36013 /* MenuView.swift in Sources */ = {isa = PBXBuildFile; fileRef = 4FB027542458AABC00E36013 /* MenuView.swift */; };
		4FB84B462461C23B00D678A4 /* ListUnitsView.swift in Sources */ = {isa = PBXBuildFile; fileRef = 4FB84B452461C23B00D678A4 /* ListUnitsView.swift */; };
		4FD2E54324697BEB00A6625E /* StructureRepository.swift in Sources */ = {isa = PBXBuildFile; fileRef = 4FD2E54224697BEB00A6625E /* StructureRepository.swift */; };
		4FD2E54624697C4000A6625E /* StructureResponseDTO.swift in Sources */ = {isa = PBXBuildFile; fileRef = 4FD2E54524697C4000A6625E /* StructureResponseDTO.swift */; };
		4FD2E54824697C7500A6625E /* StructureDTO.swift in Sources */ = {isa = PBXBuildFile; fileRef = 4FD2E54724697C7500A6625E /* StructureDTO.swift */; };
		4FD2E54A24697F5B00A6625E /* ListStructuresView.swift in Sources */ = {isa = PBXBuildFile; fileRef = 4FD2E54924697F5B00A6625E /* ListStructuresView.swift */; };
		4FD2E54C24697F7F00A6625E /* ListStructuresViewModel.swift in Sources */ = {isa = PBXBuildFile; fileRef = 4FD2E54B24697F7F00A6625E /* ListStructuresViewModel.swift */; };
		4FD2E54F2469800000A6625E /* Structure.swift in Sources */ = {isa = PBXBuildFile; fileRef = 4FD2E54E2469800000A6625E /* Structure.swift */; };
		4FE92BCB2461C6D7002A69B5 /* ListDetailCell.swift in Sources */ = {isa = PBXBuildFile; fileRef = 4FE92BCA2461C6D7002A69B5 /* ListDetailCell.swift */; };
		4FE92BCD2461CF96002A69B5 /* ListUnitsViewModel.swift in Sources */ = {isa = PBXBuildFile; fileRef = 4FE92BCC2461CF96002A69B5 /* ListUnitsViewModel.swift */; };
		4FE92BD02461D004002A69B5 /* MilitaryUnit.swift in Sources */ = {isa = PBXBuildFile; fileRef = 4FE92BCF2461D004002A69B5 /* MilitaryUnit.swift */; };
		4FE92BD22461D058002A69B5 /* Cost.swift in Sources */ = {isa = PBXBuildFile; fileRef = 4FE92BD12461D058002A69B5 /* Cost.swift */; };
		4FE92BD42461D440002A69B5 /* MilitaryUnitDTO.swift in Sources */ = {isa = PBXBuildFile; fileRef = 4FE92BD32461D440002A69B5 /* MilitaryUnitDTO.swift */; };
		4FE92BD62461D47D002A69B5 /* CostDTO.swift in Sources */ = {isa = PBXBuildFile; fileRef = 4FE92BD52461D47D002A69B5 /* CostDTO.swift */; };
		4FE92BD82461D4BA002A69B5 /* MilitaryUnitResponseDTO.swift in Sources */ = {isa = PBXBuildFile; fileRef = 4FE92BD72461D4BA002A69B5 /* MilitaryUnitResponseDTO.swift */; };
		4FE92BDC2461DC5A002A69B5 /* MilitaryUnitRepository.swift in Sources */ = {isa = PBXBuildFile; fileRef = 4FE92BDB2461DC5A002A69B5 /* MilitaryUnitRepository.swift */; };
/* End PBXBuildFile section */

/* Begin PBXContainerItemProxy section */
		4FB027462458A45800E36013 /* PBXContainerItemProxy */ = {
			isa = PBXContainerItemProxy;
			containerPortal = 4FB027272458A45600E36013 /* Project object */;
			proxyType = 1;
			remoteGlobalIDString = 4FB0272E2458A45600E36013;
			remoteInfo = Fyre;
		};
/* End PBXContainerItemProxy section */

/* Begin PBXFileReference section */
		4F64D0B52458B06800CB5435 /* Menu.swift */ = {isa = PBXFileReference; lastKnownFileType = sourcecode.swift; path = Menu.swift; sourceTree = "<group>"; };
		4F64D0B72458B6C500CB5435 /* Colors.xcassets */ = {isa = PBXFileReference; lastKnownFileType = folder.assetcatalog; path = Colors.xcassets; sourceTree = "<group>"; };
		4F64D0BD2458C67900CB5435 /* ListCivilizationsView.swift */ = {isa = PBXFileReference; lastKnownFileType = sourcecode.swift; path = ListCivilizationsView.swift; sourceTree = "<group>"; };
		4F64D0BF24599FD400CB5435 /* CivilizationRepository.swift */ = {isa = PBXFileReference; lastKnownFileType = sourcecode.swift; path = CivilizationRepository.swift; sourceTree = "<group>"; };
		4F64D0C72459A90900CB5435 /* CivilizationDTO.swift */ = {isa = PBXFileReference; lastKnownFileType = sourcecode.swift; path = CivilizationDTO.swift; sourceTree = "<group>"; };
		4F64D0CA2459AC7B00CB5435 /* ListCivilizationsViewModel.swift */ = {isa = PBXFileReference; lastKnownFileType = sourcecode.swift; path = ListCivilizationsViewModel.swift; sourceTree = "<group>"; };
		4F64D0CD2459BAE200CB5435 /* Civilization.swift */ = {isa = PBXFileReference; lastKnownFileType = sourcecode.swift; path = Civilization.swift; sourceTree = "<group>"; };
		4F64D0CF2459ED2200CB5435 /* CivilizationResponseDTO.swift */ = {isa = PBXFileReference; lastKnownFileType = sourcecode.swift; path = CivilizationResponseDTO.swift; sourceTree = "<group>"; };
		4F85BF57246EF5B1008AC02A /* TechnologyRepository.swift */ = {isa = PBXFileReference; lastKnownFileType = sourcecode.swift; path = TechnologyRepository.swift; sourceTree = "<group>"; };
		4F85BF5A246EF63A008AC02A /* TechnologyDTO.swift */ = {isa = PBXFileReference; lastKnownFileType = sourcecode.swift; path = TechnologyDTO.swift; sourceTree = "<group>"; };
		4F85BF5C246EF7A2008AC02A /* TecnologyResponseDTO.swift */ = {isa = PBXFileReference; lastKnownFileType = sourcecode.swift; path = TecnologyResponseDTO.swift; sourceTree = "<group>"; };
		4F85BF5F246EF86C008AC02A /* Technology.swift */ = {isa = PBXFileReference; lastKnownFileType = sourcecode.swift; path = Technology.swift; sourceTree = "<group>"; };
		4F85BF61246EF8CC008AC02A /* ListTechnologiesView.swift */ = {isa = PBXFileReference; lastKnownFileType = sourcecode.swift; path = ListTechnologiesView.swift; sourceTree = "<group>"; };
		4F85BF63246EF9C8008AC02A /* ListTechnologiesViewModel.swift */ = {isa = PBXFileReference; lastKnownFileType = sourcecode.swift; path = ListTechnologiesViewModel.swift; sourceTree = "<group>"; };
		4FB0272F2458A45600E36013 /* Fyre.app */ = {isa = PBXFileReference; explicitFileType = wrapper.application; includeInIndex = 0; path = Fyre.app; sourceTree = BUILT_PRODUCTS_DIR; };
		4FB027322458A45600E36013 /* AppDelegate.swift */ = {isa = PBXFileReference; lastKnownFileType = sourcecode.swift; path = AppDelegate.swift; sourceTree = "<group>"; };
		4FB027342458A45600E36013 /* SceneDelegate.swift */ = {isa = PBXFileReference; lastKnownFileType = sourcecode.swift; path = SceneDelegate.swift; sourceTree = "<group>"; };
		4FB027382458A45800E36013 /* Assets.xcassets */ = {isa = PBXFileReference; lastKnownFileType = folder.assetcatalog; path = Assets.xcassets; sourceTree = "<group>"; };
		4FB0273B2458A45800E36013 /* Preview Assets.xcassets */ = {isa = PBXFileReference; lastKnownFileType = folder.assetcatalog; path = "Preview Assets.xcassets"; sourceTree = "<group>"; };
		4FB0273E2458A45800E36013 /* Base */ = {isa = PBXFileReference; lastKnownFileType = file.storyboard; name = Base; path = Base.lproj/LaunchScreen.storyboard; sourceTree = "<group>"; };
		4FB027402458A45800E36013 /* Info.plist */ = {isa = PBXFileReference; lastKnownFileType = text.plist.xml; path = Info.plist; sourceTree = "<group>"; };
		4FB027452458A45800E36013 /* FyreTests.xctest */ = {isa = PBXFileReference; explicitFileType = wrapper.cfbundle; includeInIndex = 0; path = FyreTests.xctest; sourceTree = BUILT_PRODUCTS_DIR; };
		4FB027492458A45800E36013 /* FyreTests.swift */ = {isa = PBXFileReference; lastKnownFileType = sourcecode.swift; path = FyreTests.swift; sourceTree = "<group>"; };
		4FB0274B2458A45800E36013 /* Info.plist */ = {isa = PBXFileReference; lastKnownFileType = text.plist.xml; path = Info.plist; sourceTree = "<group>"; };
		4FB027542458AABC00E36013 /* MenuView.swift */ = {isa = PBXFileReference; lastKnownFileType = sourcecode.swift; path = MenuView.swift; sourceTree = "<group>"; };
		4FB84B452461C23B00D678A4 /* ListUnitsView.swift */ = {isa = PBXFileReference; lastKnownFileType = sourcecode.swift; path = ListUnitsView.swift; sourceTree = "<group>"; };
		4FD2E54224697BEB00A6625E /* StructureRepository.swift */ = {isa = PBXFileReference; lastKnownFileType = sourcecode.swift; path = StructureRepository.swift; sourceTree = "<group>"; };
		4FD2E54524697C4000A6625E /* StructureResponseDTO.swift */ = {isa = PBXFileReference; lastKnownFileType = sourcecode.swift; path = StructureResponseDTO.swift; sourceTree = "<group>"; };
		4FD2E54724697C7500A6625E /* StructureDTO.swift */ = {isa = PBXFileReference; lastKnownFileType = sourcecode.swift; path = StructureDTO.swift; sourceTree = "<group>"; };
		4FD2E54924697F5B00A6625E /* ListStructuresView.swift */ = {isa = PBXFileReference; lastKnownFileType = sourcecode.swift; path = ListStructuresView.swift; sourceTree = "<group>"; };
		4FD2E54B24697F7F00A6625E /* ListStructuresViewModel.swift */ = {isa = PBXFileReference; lastKnownFileType = sourcecode.swift; path = ListStructuresViewModel.swift; sourceTree = "<group>"; };
		4FD2E54E2469800000A6625E /* Structure.swift */ = {isa = PBXFileReference; lastKnownFileType = sourcecode.swift; path = Structure.swift; sourceTree = "<group>"; };
		4FE92BCA2461C6D7002A69B5 /* ListDetailCell.swift */ = {isa = PBXFileReference; lastKnownFileType = sourcecode.swift; path = ListDetailCell.swift; sourceTree = "<group>"; };
		4FE92BCC2461CF96002A69B5 /* ListUnitsViewModel.swift */ = {isa = PBXFileReference; lastKnownFileType = sourcecode.swift; path = ListUnitsViewModel.swift; sourceTree = "<group>"; };
		4FE92BCF2461D004002A69B5 /* MilitaryUnit.swift */ = {isa = PBXFileReference; lastKnownFileType = sourcecode.swift; path = MilitaryUnit.swift; sourceTree = "<group>"; };
		4FE92BD12461D058002A69B5 /* Cost.swift */ = {isa = PBXFileReference; lastKnownFileType = sourcecode.swift; path = Cost.swift; sourceTree = "<group>"; };
		4FE92BD32461D440002A69B5 /* MilitaryUnitDTO.swift */ = {isa = PBXFileReference; lastKnownFileType = sourcecode.swift; path = MilitaryUnitDTO.swift; sourceTree = "<group>"; };
		4FE92BD52461D47D002A69B5 /* CostDTO.swift */ = {isa = PBXFileReference; lastKnownFileType = sourcecode.swift; path = CostDTO.swift; sourceTree = "<group>"; };
		4FE92BD72461D4BA002A69B5 /* MilitaryUnitResponseDTO.swift */ = {isa = PBXFileReference; lastKnownFileType = sourcecode.swift; path = MilitaryUnitResponseDTO.swift; sourceTree = "<group>"; };
		4FE92BDB2461DC5A002A69B5 /* MilitaryUnitRepository.swift */ = {isa = PBXFileReference; lastKnownFileType = sourcecode.swift; path = MilitaryUnitRepository.swift; sourceTree = "<group>"; };
/* End PBXFileReference section */

/* Begin PBXFrameworksBuildPhase section */
		4FB0272C2458A45600E36013 /* Frameworks */ = {
			isa = PBXFrameworksBuildPhase;
			buildActionMask = 2147483647;
			files = (
				4F64D0B22458AD8900CB5435 /* QGrid in Frameworks */,
				4F64D0C32459A09300CB5435 /* Alamofire in Frameworks */,
			);
			runOnlyForDeploymentPostprocessing = 0;
		};
		4FB027422458A45800E36013 /* Frameworks */ = {
			isa = PBXFrameworksBuildPhase;
			buildActionMask = 2147483647;
			files = (
			);
			runOnlyForDeploymentPostprocessing = 0;
		};
/* End PBXFrameworksBuildPhase section */

/* Begin PBXGroup section */
		4F64D0B32458B04F00CB5435 /* Model */ = {
			isa = PBXGroup;
			children = (
				4F85BF5E246EF863008AC02A /* Tecnology */,
				4FD2E54D24697FF300A6625E /* Structure */,
				4FE92BCE2461CFFE002A69B5 /* Unit */,
				4F64D0CC2459BAD700CB5435 /* Civilization */,
				4F64D0B42458B05200CB5435 /* Menu */,
			);
			path = Model;
			sourceTree = "<group>";
		};
		4F64D0B42458B05200CB5435 /* Menu */ = {
			isa = PBXGroup;
			children = (
				4F64D0B52458B06800CB5435 /* Menu.swift */,
			);
			path = Menu;
			sourceTree = "<group>";
		};
		4F64D0B92458BA5200CB5435 /* Resources */ = {
			isa = PBXGroup;
			children = (
				4F64D0B72458B6C500CB5435 /* Colors.xcassets */,
				4FB027382458A45800E36013 /* Assets.xcassets */,
			);
			path = Resources;
			sourceTree = "<group>";
		};
		4F64D0BA2458BABA00CB5435 /* Repository */ = {
			isa = PBXGroup;
			children = (
				4F64D0BF24599FD400CB5435 /* CivilizationRepository.swift */,
				4FE92BDB2461DC5A002A69B5 /* MilitaryUnitRepository.swift */,
				4FD2E54224697BEB00A6625E /* StructureRepository.swift */,
				4F85BF57246EF5B1008AC02A /* TechnologyRepository.swift */,
			);
			path = Repository;
			sourceTree = "<group>";
		};
		4F64D0BC2458BADE00CB5435 /* Delegate */ = {
			isa = PBXGroup;
			children = (
				4FB027322458A45600E36013 /* AppDelegate.swift */,
				4FB027342458A45600E36013 /* SceneDelegate.swift */,
			);
			path = Delegate;
			sourceTree = "<group>";
		};
		4F64D0C62459A8EF00CB5435 /* DTO */ = {
			isa = PBXGroup;
			children = (
				4F85BF59246EF630008AC02A /* Tecnology */,
				4FD2E54424697C2C00A6625E /* Structure */,
				4FE92BDA2461D54E002A69B5 /* MilitaryUnit */,
				4FE92BD92461D543002A69B5 /* Civilization */,
			);
			name = DTO;
			path = Repository/DTO;
			sourceTree = "<group>";
		};
		4F64D0C92459AC5C00CB5435 /* ViewModel */ = {
			isa = PBXGroup;
			children = (
				4F64D0CA2459AC7B00CB5435 /* ListCivilizationsViewModel.swift */,
				4FE92BCC2461CF96002A69B5 /* ListUnitsViewModel.swift */,
				4FD2E54B24697F7F00A6625E /* ListStructuresViewModel.swift */,
				4F85BF63246EF9C8008AC02A /* ListTechnologiesViewModel.swift */,
			);
			path = ViewModel;
			sourceTree = "<group>";
		};
		4F64D0CC2459BAD700CB5435 /* Civilization */ = {
			isa = PBXGroup;
			children = (
				4F64D0CD2459BAE200CB5435 /* Civilization.swift */,
			);
			path = Civilization;
			sourceTree = "<group>";
		};
		4F85BF59246EF630008AC02A /* Tecnology */ = {
			isa = PBXGroup;
			children = (
				4F85BF5C246EF7A2008AC02A /* TecnologyResponseDTO.swift */,
				4F85BF5A246EF63A008AC02A /* TechnologyDTO.swift */,
			);
			path = Tecnology;
			sourceTree = "<group>";
		};
		4F85BF5E246EF863008AC02A /* Tecnology */ = {
			isa = PBXGroup;
			children = (
				4F85BF5F246EF86C008AC02A /* Technology.swift */,
			);
			path = Tecnology;
			sourceTree = "<group>";
		};
		4FB027262458A45600E36013 = {
			isa = PBXGroup;
			children = (
				4FB027312458A45600E36013 /* Fyre */,
				4FB027482458A45800E36013 /* FyreTests */,
				4FB027302458A45600E36013 /* Products */,
			);
			sourceTree = "<group>";
		};
		4FB027302458A45600E36013 /* Products */ = {
			isa = PBXGroup;
			children = (
				4FB0272F2458A45600E36013 /* Fyre.app */,
				4FB027452458A45800E36013 /* FyreTests.xctest */,
			);
			name = Products;
			sourceTree = "<group>";
		};
		4FB027312458A45600E36013 /* Fyre */ = {
			isa = PBXGroup;
			children = (
				4F64D0BC2458BADE00CB5435 /* Delegate */,
				4F64D0B32458B04F00CB5435 /* Model */,
				4F64D0C92459AC5C00CB5435 /* ViewModel */,
				4FB027562458AAC200E36013 /* Views */,
				4F64D0BA2458BABA00CB5435 /* Repository */,
				4F64D0C62459A8EF00CB5435 /* DTO */,
				4F64D0B92458BA5200CB5435 /* Resources */,
				4FB0273D2458A45800E36013 /* LaunchScreen.storyboard */,
				4FB027402458A45800E36013 /* Info.plist */,
				4FB0273A2458A45800E36013 /* Preview Content */,
			);
			path = Fyre;
			sourceTree = "<group>";
		};
		4FB0273A2458A45800E36013 /* Preview Content */ = {
			isa = PBXGroup;
			children = (
				4FB0273B2458A45800E36013 /* Preview Assets.xcassets */,
			);
			path = "Preview Content";
			sourceTree = "<group>";
		};
		4FB027482458A45800E36013 /* FyreTests */ = {
			isa = PBXGroup;
			children = (
				4FB027492458A45800E36013 /* FyreTests.swift */,
				4FB0274B2458A45800E36013 /* Info.plist */,
			);
			path = FyreTests;
			sourceTree = "<group>";
		};
		4FB027562458AAC200E36013 /* Views */ = {
			isa = PBXGroup;
			children = (
				4FB027542458AABC00E36013 /* MenuView.swift */,
				4F64D0BD2458C67900CB5435 /* ListCivilizationsView.swift */,
				4FB84B452461C23B00D678A4 /* ListUnitsView.swift */,
				4FD2E54924697F5B00A6625E /* ListStructuresView.swift */,
				4F85BF61246EF8CC008AC02A /* ListTechnologiesView.swift */,
				4FE92BCA2461C6D7002A69B5 /* ListDetailCell.swift */,
			);
			path = Views;
			sourceTree = "<group>";
		};
		4FD2E54424697C2C00A6625E /* Structure */ = {
			isa = PBXGroup;
			children = (
				4FD2E54524697C4000A6625E /* StructureResponseDTO.swift */,
				4FD2E54724697C7500A6625E /* StructureDTO.swift */,
			);
			path = Structure;
			sourceTree = "<group>";
		};
		4FD2E54D24697FF300A6625E /* Structure */ = {
			isa = PBXGroup;
			children = (
				4FD2E54E2469800000A6625E /* Structure.swift */,
			);
			path = Structure;
			sourceTree = "<group>";
		};
		4FE92BCE2461CFFE002A69B5 /* Unit */ = {
			isa = PBXGroup;
			children = (
				4FE92BCF2461D004002A69B5 /* MilitaryUnit.swift */,
				4FE92BD12461D058002A69B5 /* Cost.swift */,
			);
			path = Unit;
			sourceTree = "<group>";
		};
		4FE92BD92461D543002A69B5 /* Civilization */ = {
			isa = PBXGroup;
			children = (
				4F64D0CF2459ED2200CB5435 /* CivilizationResponseDTO.swift */,
				4F64D0C72459A90900CB5435 /* CivilizationDTO.swift */,
			);
			path = Civilization;
			sourceTree = "<group>";
		};
		4FE92BDA2461D54E002A69B5 /* MilitaryUnit */ = {
			isa = PBXGroup;
			children = (
				4FE92BD72461D4BA002A69B5 /* MilitaryUnitResponseDTO.swift */,
				4FE92BD32461D440002A69B5 /* MilitaryUnitDTO.swift */,
				4FE92BD52461D47D002A69B5 /* CostDTO.swift */,
			);
			path = MilitaryUnit;
			sourceTree = "<group>";
		};
/* End PBXGroup section */

/* Begin PBXNativeTarget section */
		4FB0272E2458A45600E36013 /* Fyre */ = {
			isa = PBXNativeTarget;
			buildConfigurationList = 4FB0274E2458A45800E36013 /* Build configuration list for PBXNativeTarget "Fyre" */;
			buildPhases = (
				4FB0272B2458A45600E36013 /* Sources */,
				4FB0272C2458A45600E36013 /* Frameworks */,
				4FB0272D2458A45600E36013 /* Resources */,
			);
			buildRules = (
			);
			dependencies = (
			);
			name = Fyre;
			packageProductDependencies = (
				4F64D0B12458AD8900CB5435 /* QGrid */,
				4F64D0C22459A09300CB5435 /* Alamofire */,
			);
			productName = Fyre;
			productReference = 4FB0272F2458A45600E36013 /* Fyre.app */;
			productType = "com.apple.product-type.application";
		};
		4FB027442458A45800E36013 /* FyreTests */ = {
			isa = PBXNativeTarget;
			buildConfigurationList = 4FB027512458A45800E36013 /* Build configuration list for PBXNativeTarget "FyreTests" */;
			buildPhases = (
				4FB027412458A45800E36013 /* Sources */,
				4FB027422458A45800E36013 /* Frameworks */,
				4FB027432458A45800E36013 /* Resources */,
			);
			buildRules = (
			);
			dependencies = (
				4FB027472458A45800E36013 /* PBXTargetDependency */,
			);
			name = FyreTests;
			productName = FyreTests;
			productReference = 4FB027452458A45800E36013 /* FyreTests.xctest */;
			productType = "com.apple.product-type.bundle.unit-test";
		};
/* End PBXNativeTarget section */

/* Begin PBXProject section */
		4FB027272458A45600E36013 /* Project object */ = {
			isa = PBXProject;
			attributes = {
				LastSwiftUpdateCheck = 1130;
				LastUpgradeCheck = 1130;
				ORGANIZATIONNAME = "Augusto Reis";
				TargetAttributes = {
					4FB0272E2458A45600E36013 = {
						CreatedOnToolsVersion = 11.3.1;
					};
					4FB027442458A45800E36013 = {
						CreatedOnToolsVersion = 11.3.1;
						TestTargetID = 4FB0272E2458A45600E36013;
					};
				};
			};
			buildConfigurationList = 4FB0272A2458A45600E36013 /* Build configuration list for PBXProject "Fyre" */;
			compatibilityVersion = "Xcode 9.3";
			developmentRegion = en;
			hasScannedForEncodings = 0;
			knownRegions = (
				en,
				Base,
			);
			mainGroup = 4FB027262458A45600E36013;
			packageReferences = (
				4F64D0B02458AD8900CB5435 /* XCRemoteSwiftPackageReference "QGrid" */,
				4F64D0C12459A09300CB5435 /* XCRemoteSwiftPackageReference "Alamofire" */,
			);
			productRefGroup = 4FB027302458A45600E36013 /* Products */;
			projectDirPath = "";
			projectRoot = "";
			targets = (
				4FB0272E2458A45600E36013 /* Fyre */,
				4FB027442458A45800E36013 /* FyreTests */,
			);
		};
/* End PBXProject section */

/* Begin PBXResourcesBuildPhase section */
		4FB0272D2458A45600E36013 /* Resources */ = {
			isa = PBXResourcesBuildPhase;
			buildActionMask = 2147483647;
			files = (
				4FB0273F2458A45800E36013 /* LaunchScreen.storyboard in Resources */,
				4F64D0B82458B6C500CB5435 /* Colors.xcassets in Resources */,
				4FB0273C2458A45800E36013 /* Preview Assets.xcassets in Resources */,
				4FB027392458A45800E36013 /* Assets.xcassets in Resources */,
			);
			runOnlyForDeploymentPostprocessing = 0;
		};
		4FB027432458A45800E36013 /* Resources */ = {
			isa = PBXResourcesBuildPhase;
			buildActionMask = 2147483647;
			files = (
			);
			runOnlyForDeploymentPostprocessing = 0;
		};
/* End PBXResourcesBuildPhase section */

/* Begin PBXSourcesBuildPhase section */
		4FB0272B2458A45600E36013 /* Sources */ = {
			isa = PBXSourcesBuildPhase;
			buildActionMask = 2147483647;
			files = (
				4FE92BCD2461CF96002A69B5 /* ListUnitsViewModel.swift in Sources */,
				4F85BF62246EF8CC008AC02A /* ListTechnologiesView.swift in Sources */,
				4FD2E54824697C7500A6625E /* StructureDTO.swift in Sources */,
				4FD2E54F2469800000A6625E /* Structure.swift in Sources */,
				4F64D0CB2459AC7B00CB5435 /* ListCivilizationsViewModel.swift in Sources */,
				4FE92BD42461D440002A69B5 /* MilitaryUnitDTO.swift in Sources */,
				4FD2E54C24697F7F00A6625E /* ListStructuresViewModel.swift in Sources */,
				4F85BF5B246EF63A008AC02A /* TechnologyDTO.swift in Sources */,
				4F64D0C024599FD400CB5435 /* CivilizationRepository.swift in Sources */,
				4FE92BD22461D058002A69B5 /* Cost.swift in Sources */,
				4F85BF58246EF5B1008AC02A /* TechnologyRepository.swift in Sources */,
				4FD2E54324697BEB00A6625E /* StructureRepository.swift in Sources */,
				4FE92BD02461D004002A69B5 /* MilitaryUnit.swift in Sources */,
				4FE92BCB2461C6D7002A69B5 /* ListDetailCell.swift in Sources */,
				4FD2E54A24697F5B00A6625E /* ListStructuresView.swift in Sources */,
				4FE92BD82461D4BA002A69B5 /* MilitaryUnitResponseDTO.swift in Sources */,
				4F85BF60246EF86C008AC02A /* Technology.swift in Sources */,
				4F85BF64246EF9C8008AC02A /* ListTechnologiesViewModel.swift in Sources */,
				4FB027332458A45600E36013 /* AppDelegate.swift in Sources */,
				4F64D0C82459A90900CB5435 /* CivilizationDTO.swift in Sources */,
				4FB027552458AABC00E36013 /* MenuView.swift in Sources */,
				4F64D0D02459ED2200CB5435 /* CivilizationResponseDTO.swift in Sources */,
				4FB027352458A45600E36013 /* SceneDelegate.swift in Sources */,
				4F64D0B62458B06800CB5435 /* Menu.swift in Sources */,
				4F64D0BE2458C67900CB5435 /* ListCivilizationsView.swift in Sources */,
				4F64D0CE2459BAE200CB5435 /* Civilization.swift in Sources */,
				4FE92BDC2461DC5A002A69B5 /* MilitaryUnitRepository.swift in Sources */,
				4FE92BD62461D47D002A69B5 /* CostDTO.swift in Sources */,
				4FD2E54624697C4000A6625E /* StructureResponseDTO.swift in Sources */,
				4FB84B462461C23B00D678A4 /* ListUnitsView.swift in Sources */,
				4F85BF5D246EF7A2008AC02A /* TecnologyResponseDTO.swift in Sources */,
			);
			runOnlyForDeploymentPostprocessing = 0;
		};
		4FB027412458A45800E36013 /* Sources */ = {
			isa = PBXSourcesBuildPhase;
			buildActionMask = 2147483647;
			files = (
				4FB0274A2458A45800E36013 /* FyreTests.swift in Sources */,
			);
			runOnlyForDeploymentPostprocessing = 0;
		};
/* End PBXSourcesBuildPhase section */

/* Begin PBXTargetDependency section */
		4FB027472458A45800E36013 /* PBXTargetDependency */ = {
			isa = PBXTargetDependency;
			target = 4FB0272E2458A45600E36013 /* Fyre */;
			targetProxy = 4FB027462458A45800E36013 /* PBXContainerItemProxy */;
		};
/* End PBXTargetDependency section */

/* Begin PBXVariantGroup section */
		4FB0273D2458A45800E36013 /* LaunchScreen.storyboard */ = {
			isa = PBXVariantGroup;
			children = (
				4FB0273E2458A45800E36013 /* Base */,
			);
			name = LaunchScreen.storyboard;
			sourceTree = "<group>";
		};
/* End PBXVariantGroup section */

/* Begin XCBuildConfiguration section */
		4FB0274C2458A45800E36013 /* Debug */ = {
			isa = XCBuildConfiguration;
			buildSettings = {
				ALWAYS_SEARCH_USER_PATHS = NO;
				CLANG_ANALYZER_NONNULL = YES;
				CLANG_ANALYZER_NUMBER_OBJECT_CONVERSION = YES_AGGRESSIVE;
				CLANG_CXX_LANGUAGE_STANDARD = "gnu++14";
				CLANG_CXX_LIBRARY = "libc++";
				CLANG_ENABLE_MODULES = YES;
				CLANG_ENABLE_OBJC_ARC = YES;
				CLANG_ENABLE_OBJC_WEAK = YES;
				CLANG_WARN_BLOCK_CAPTURE_AUTORELEASING = YES;
				CLANG_WARN_BOOL_CONVERSION = YES;
				CLANG_WARN_COMMA = YES;
				CLANG_WARN_CONSTANT_CONVERSION = YES;
				CLANG_WARN_DEPRECATED_OBJC_IMPLEMENTATIONS = YES;
				CLANG_WARN_DIRECT_OBJC_ISA_USAGE = YES_ERROR;
				CLANG_WARN_DOCUMENTATION_COMMENTS = YES;
				CLANG_WARN_EMPTY_BODY = YES;
				CLANG_WARN_ENUM_CONVERSION = YES;
				CLANG_WARN_INFINITE_RECURSION = YES;
				CLANG_WARN_INT_CONVERSION = YES;
				CLANG_WARN_NON_LITERAL_NULL_CONVERSION = YES;
				CLANG_WARN_OBJC_IMPLICIT_RETAIN_SELF = YES;
				CLANG_WARN_OBJC_LITERAL_CONVERSION = YES;
				CLANG_WARN_OBJC_ROOT_CLASS = YES_ERROR;
				CLANG_WARN_RANGE_LOOP_ANALYSIS = YES;
				CLANG_WARN_STRICT_PROTOTYPES = YES;
				CLANG_WARN_SUSPICIOUS_MOVE = YES;
				CLANG_WARN_UNGUARDED_AVAILABILITY = YES_AGGRESSIVE;
				CLANG_WARN_UNREACHABLE_CODE = YES;
				CLANG_WARN__DUPLICATE_METHOD_MATCH = YES;
				COPY_PHASE_STRIP = NO;
				DEBUG_INFORMATION_FORMAT = dwarf;
				ENABLE_STRICT_OBJC_MSGSEND = YES;
				ENABLE_TESTABILITY = YES;
				GCC_C_LANGUAGE_STANDARD = gnu11;
				GCC_DYNAMIC_NO_PIC = NO;
				GCC_NO_COMMON_BLOCKS = YES;
				GCC_OPTIMIZATION_LEVEL = 0;
				GCC_PREPROCESSOR_DEFINITIONS = (
					"DEBUG=1",
					"$(inherited)",
				);
				GCC_WARN_64_TO_32_BIT_CONVERSION = YES;
				GCC_WARN_ABOUT_RETURN_TYPE = YES_ERROR;
				GCC_WARN_UNDECLARED_SELECTOR = YES;
				GCC_WARN_UNINITIALIZED_AUTOS = YES_AGGRESSIVE;
				GCC_WARN_UNUSED_FUNCTION = YES;
				GCC_WARN_UNUSED_VARIABLE = YES;
				IPHONEOS_DEPLOYMENT_TARGET = 13.2;
				MTL_ENABLE_DEBUG_INFO = INCLUDE_SOURCE;
				MTL_FAST_MATH = YES;
				ONLY_ACTIVE_ARCH = YES;
				SDKROOT = iphoneos;
				SWIFT_ACTIVE_COMPILATION_CONDITIONS = DEBUG;
				SWIFT_OPTIMIZATION_LEVEL = "-Onone";
			};
			name = Debug;
		};
		4FB0274D2458A45800E36013 /* Release */ = {
			isa = XCBuildConfiguration;
			buildSettings = {
				ALWAYS_SEARCH_USER_PATHS = NO;
				CLANG_ANALYZER_NONNULL = YES;
				CLANG_ANALYZER_NUMBER_OBJECT_CONVERSION = YES_AGGRESSIVE;
				CLANG_CXX_LANGUAGE_STANDARD = "gnu++14";
				CLANG_CXX_LIBRARY = "libc++";
				CLANG_ENABLE_MODULES = YES;
				CLANG_ENABLE_OBJC_ARC = YES;
				CLANG_ENABLE_OBJC_WEAK = YES;
				CLANG_WARN_BLOCK_CAPTURE_AUTORELEASING = YES;
				CLANG_WARN_BOOL_CONVERSION = YES;
				CLANG_WARN_COMMA = YES;
				CLANG_WARN_CONSTANT_CONVERSION = YES;
				CLANG_WARN_DEPRECATED_OBJC_IMPLEMENTATIONS = YES;
				CLANG_WARN_DIRECT_OBJC_ISA_USAGE = YES_ERROR;
				CLANG_WARN_DOCUMENTATION_COMMENTS = YES;
				CLANG_WARN_EMPTY_BODY = YES;
				CLANG_WARN_ENUM_CONVERSION = YES;
				CLANG_WARN_INFINITE_RECURSION = YES;
				CLANG_WARN_INT_CONVERSION = YES;
				CLANG_WARN_NON_LITERAL_NULL_CONVERSION = YES;
				CLANG_WARN_OBJC_IMPLICIT_RETAIN_SELF = YES;
				CLANG_WARN_OBJC_LITERAL_CONVERSION = YES;
				CLANG_WARN_OBJC_ROOT_CLASS = YES_ERROR;
				CLANG_WARN_RANGE_LOOP_ANALYSIS = YES;
				CLANG_WARN_STRICT_PROTOTYPES = YES;
				CLANG_WARN_SUSPICIOUS_MOVE = YES;
				CLANG_WARN_UNGUARDED_AVAILABILITY = YES_AGGRESSIVE;
				CLANG_WARN_UNREACHABLE_CODE = YES;
				CLANG_WARN__DUPLICATE_METHOD_MATCH = YES;
				COPY_PHASE_STRIP = NO;
				DEBUG_INFORMATION_FORMAT = "dwarf-with-dsym";
				ENABLE_NS_ASSERTIONS = NO;
				ENABLE_STRICT_OBJC_MSGSEND = YES;
				GCC_C_LANGUAGE_STANDARD = gnu11;
				GCC_NO_COMMON_BLOCKS = YES;
				GCC_WARN_64_TO_32_BIT_CONVERSION = YES;
				GCC_WARN_ABOUT_RETURN_TYPE = YES_ERROR;
				GCC_WARN_UNDECLARED_SELECTOR = YES;
				GCC_WARN_UNINITIALIZED_AUTOS = YES_AGGRESSIVE;
				GCC_WARN_UNUSED_FUNCTION = YES;
				GCC_WARN_UNUSED_VARIABLE = YES;
				IPHONEOS_DEPLOYMENT_TARGET = 13.2;
				MTL_ENABLE_DEBUG_INFO = NO;
				MTL_FAST_MATH = YES;
				SDKROOT = iphoneos;
				SWIFT_COMPILATION_MODE = wholemodule;
				SWIFT_OPTIMIZATION_LEVEL = "-O";
				VALIDATE_PRODUCT = YES;
			};
			name = Release;
		};
		4FB0274F2458A45800E36013 /* Debug */ = {
			isa = XCBuildConfiguration;
			buildSettings = {
				ASSETCATALOG_COMPILER_APPICON_NAME = AppIcon;
				CODE_SIGN_STYLE = Automatic;
				DEVELOPMENT_ASSET_PATHS = "\"Fyre/Preview Content\"";
				ENABLE_PREVIEWS = YES;
				INFOPLIST_FILE = Fyre/Info.plist;
				LD_RUNPATH_SEARCH_PATHS = (
					"$(inherited)",
					"@executable_path/Frameworks",
				);
				PRODUCT_BUNDLE_IDENTIFIER = AugustoReis.Fyre;
				PRODUCT_NAME = "$(TARGET_NAME)";
				SWIFT_VERSION = 5.0;
				TARGETED_DEVICE_FAMILY = "1,2";
			};
			name = Debug;
		};
		4FB027502458A45800E36013 /* Release */ = {
			isa = XCBuildConfiguration;
			buildSettings = {
				ASSETCATALOG_COMPILER_APPICON_NAME = AppIcon;
				CODE_SIGN_STYLE = Automatic;
				DEVELOPMENT_ASSET_PATHS = "\"Fyre/Preview Content\"";
				ENABLE_PREVIEWS = YES;
				INFOPLIST_FILE = Fyre/Info.plist;
				LD_RUNPATH_SEARCH_PATHS = (
					"$(inherited)",
					"@executable_path/Frameworks",
				);
				PRODUCT_BUNDLE_IDENTIFIER = AugustoReis.Fyre;
				PRODUCT_NAME = "$(TARGET_NAME)";
				SWIFT_VERSION = 5.0;
				TARGETED_DEVICE_FAMILY = "1,2";
			};
			name = Release;
		};
		4FB027522458A45800E36013 /* Debug */ = {
			isa = XCBuildConfiguration;
			buildSettings = {
				ALWAYS_EMBED_SWIFT_STANDARD_LIBRARIES = YES;
				BUNDLE_LOADER = "$(TEST_HOST)";
				CODE_SIGN_STYLE = Automatic;
				INFOPLIST_FILE = FyreTests/Info.plist;
				IPHONEOS_DEPLOYMENT_TARGET = 13.2;
				LD_RUNPATH_SEARCH_PATHS = (
					"$(inherited)",
					"@executable_path/Frameworks",
					"@loader_path/Frameworks",
				);
				PRODUCT_BUNDLE_IDENTIFIER = AugustoReis.FyreTests;
				PRODUCT_NAME = "$(TARGET_NAME)";
				SWIFT_VERSION = 5.0;
				TARGETED_DEVICE_FAMILY = "1,2";
				TEST_HOST = "$(BUILT_PRODUCTS_DIR)/Fyre.app/Fyre";
			};
			name = Debug;
		};
		4FB027532458A45800E36013 /* Release */ = {
			isa = XCBuildConfiguration;
			buildSettings = {
				ALWAYS_EMBED_SWIFT_STANDARD_LIBRARIES = YES;
				BUNDLE_LOADER = "$(TEST_HOST)";
				CODE_SIGN_STYLE = Automatic;
				INFOPLIST_FILE = FyreTests/Info.plist;
				IPHONEOS_DEPLOYMENT_TARGET = 13.2;
				LD_RUNPATH_SEARCH_PATHS = (
					"$(inherited)",
					"@executable_path/Frameworks",
					"@loader_path/Frameworks",
				);
				PRODUCT_BUNDLE_IDENTIFIER = AugustoReis.FyreTests;
				PRODUCT_NAME = "$(TARGET_NAME)";
				SWIFT_VERSION = 5.0;
				TARGETED_DEVICE_FAMILY = "1,2";
				TEST_HOST = "$(BUILT_PRODUCTS_DIR)/Fyre.app/Fyre";
			};
			name = Release;
		};
/* End XCBuildConfiguration section */

/* Begin XCConfigurationList section */
		4FB0272A2458A45600E36013 /* Build configuration list for PBXProject "Fyre" */ = {
			isa = XCConfigurationList;
			buildConfigurations = (
				4FB0274C2458A45800E36013 /* Debug */,
				4FB0274D2458A45800E36013 /* Release */,
			);
			defaultConfigurationIsVisible = 0;
			defaultConfigurationName = Release;
		};
		4FB0274E2458A45800E36013 /* Build configuration list for PBXNativeTarget "Fyre" */ = {
			isa = XCConfigurationList;
			buildConfigurations = (
				4FB0274F2458A45800E36013 /* Debug */,
				4FB027502458A45800E36013 /* Release */,
			);
			defaultConfigurationIsVisible = 0;
			defaultConfigurationName = Release;
		};
		4FB027512458A45800E36013 /* Build configuration list for PBXNativeTarget "FyreTests" */ = {
			isa = XCConfigurationList;
			buildConfigurations = (
				4FB027522458A45800E36013 /* Debug */,
				4FB027532458A45800E36013 /* Release */,
			);
			defaultConfigurationIsVisible = 0;
			defaultConfigurationName = Release;
		};
/* End XCConfigurationList section */

/* Begin XCRemoteSwiftPackageReference section */
		4F64D0B02458AD8900CB5435 /* XCRemoteSwiftPackageReference "QGrid" */ = {
			isa = XCRemoteSwiftPackageReference;
			repositoryURL = "https://github.com/Q-Mobile/QGrid";
			requirement = {
				kind = upToNextMajorVersion;
				minimumVersion = 0.1.4;
			};
		};
		4F64D0C12459A09300CB5435 /* XCRemoteSwiftPackageReference "Alamofire" */ = {
			isa = XCRemoteSwiftPackageReference;
			repositoryURL = "https://github.com/Alamofire/Alamofire.git";
			requirement = {
				kind = upToNextMajorVersion;
				minimumVersion = 5.1.0;
			};
		};
/* End XCRemoteSwiftPackageReference section */

/* Begin XCSwiftPackageProductDependency section */
		4F64D0B12458AD8900CB5435 /* QGrid */ = {
			isa = XCSwiftPackageProductDependency;
			package = 4F64D0B02458AD8900CB5435 /* XCRemoteSwiftPackageReference "QGrid" */;
			productName = QGrid;
		};
		4F64D0C22459A09300CB5435 /* Alamofire */ = {
			isa = XCSwiftPackageProductDependency;
			package = 4F64D0C12459A09300CB5435 /* XCRemoteSwiftPackageReference "Alamofire" */;
			productName = Alamofire;
		};
/* End XCSwiftPackageProductDependency section */
	};
	rootObject = 4FB027272458A45600E36013 /* Project object */;
}
